
Microsoft Visual Studio Solution File, Format Version 12.00
# Visual Studio Version 16
VisualStudioVersion = 16.0.30804.86
MinimumVisualStudioVersion = 10.0.40219.1
Project("{FAE04EC0-301F-11D3-BF4B-00C04F79EFBC}") = "Decisions.SSH", "Decisions.SSH\Decisions.SSH.csproj", "{453F72E7-0B4C-4FAF-9474-AE4E9223562E}"
EndProject
Project("{FAE04EC0-301F-11D3-BF4B-00C04F79EFBC}") = "ConsoleApp1", "ConsoleApp1\ConsoleApp1.csproj", "{3FE9AAEC-AD9F-48AF-95BF-05ACE55F3CFA}"
EndProject
Global
	GlobalSection(SolutionConfigurationPlatforms) = preSolution
		Debug|Any CPU = Debug|Any CPU
		Release|Any CPU = Release|Any CPU
	EndGlobalSection
	GlobalSection(ProjectConfigurationPlatforms) = postSolution
		{453F72E7-0B4C-4FAF-9474-AE4E9223562E}.Debug|Any CPU.ActiveCfg = Debug|Any CPU
		{453F72E7-0B4C-4FAF-9474-AE4E9223562E}.Debug|Any CPU.Build.0 = Debug|Any CPU
		{453F72E7-0B4C-4FAF-9474-AE4E9223562E}.Release|Any CPU.ActiveCfg = Release|Any CPU
		{453F72E7-0B4C-4FAF-9474-AE4E9223562E}.Release|Any CPU.Build.0 = Release|Any CPU
		{3FE9AAEC-AD9F-48AF-95BF-05ACE55F3CFA}.Debug|Any CPU.ActiveCfg = Debug|Any CPU
		{3FE9AAEC-AD9F-48AF-95BF-05ACE55F3CFA}.Debug|Any CPU.Build.0 = Debug|Any CPU
		{3FE9AAEC-AD9F-48AF-95BF-05ACE55F3CFA}.Release|Any CPU.ActiveCfg = Release|Any CPU
		{3FE9AAEC-AD9F-48AF-95BF-05ACE55F3CFA}.Release|Any CPU.Build.0 = Release|Any CPU
	EndGlobalSection
	GlobalSection(SolutionProperties) = preSolution
		HideSolutionNode = FALSE
	EndGlobalSection
	GlobalSection(ExtensibilityGlobals) = postSolution
		SolutionGuid = {2F43D736-0EF6-418F-BB6E-FB5EA18282C2}
	EndGlobalSection
EndGlobal
